schema: '2.0'
stages:
  prepare_data:
    cmd: python src/stage_01_prepare.py
    deps:
    - path: External_Data/data.xml
      md5: a304afb96060aad90176268345e10355
      size: 37891850
    - path: configs/config.yaml
      md5: 9548710495d53b03d019bb61b2489975
      size: 243
    - path: src/stage_01_prepare.py
      md5: 54bcd6d513ad0460f464bb8dad558580
      size: 2076
    - path: src/utils/common.py
      md5: d162961d817182441383bdb0e674e685
      size: 675
    - path: src/utils/data_mgmt.py
      md5: 6a86fff1eb5a10c2db6680ecc08bf60b
      size: 870
    params:
      params.yaml:
        prepare.seed: 2021
        prepare.split: 0.3
    outs:
    - path: artifacts/prepared/test.tsv
      md5: a0bb558cc0e08269228e02fb57edbdc0
      size: 7248035
    - path: artifacts/prepared/train.tsv
      md5: 3514ce5f1b8c8d976c178e0ad2ae1e78
      size: 16638284
